
Microsoft Visual Studio Solution File, Format Version 12.00
# Visual Studio Version 17
VisualStudioVersion = 17.7.34202.233
MinimumVisualStudioVersion = 10.0.40219.1
Project("{FAE04EC0-301F-11D3-BF4B-00C04F79EFBC}") = "CoreDemo", "CoreDemo\CoreDemo.csproj", "{9DCB5C03-0D7B-4B88-B5C4-DFB57EB4E9DC}"
EndProject
Global
	GlobalSection(SolutionConfigurationPlatforms) = preSolution
		Debug|Any CPU = Debug|Any CPU
		Release|Any CPU = Release|Any CPU
	EndGlobalSection
	GlobalSection(ProjectConfigurationPlatforms) = postSolution
		{9DCB5C03-0D7B-4B88-B5C4-DFB57EB4E9DC}.Debug|Any CPU.ActiveCfg = Debug|Any CPU
		{9DCB5C03-0D7B-4B88-B5C4-DFB57EB4E9DC}.Debug|Any CPU.Build.0 = Debug|Any CPU
		{9DCB5C03-0D7B-4B88-B5C4-DFB57EB4E9DC}.Release|Any CPU.ActiveCfg = Release|Any CPU
		{9DCB5C03-0D7B-4B88-B5C4-DFB57EB4E9DC}.Release|Any CPU.Build.0 = Release|Any CPU
	EndGlobalSection
	GlobalSection(SolutionProperties) = preSolution
		HideSolutionNode = FALSE
	EndGlobalSection
	GlobalSection(ExtensibilityGlobals) = postSolution
		SolutionGuid = {D8241A4F-589D-42DF-A5EC-797CB0D16F75}
	EndGlobalSection
EndGlobal
